// !$*UTF8*$!
{
	archiveVersion = 1;
	classes = {
	};
	objectVersion = 50;
	objects = {

/* Begin PBXBuildFile section */
		F49EC6BA239F87A8001421B1 /* UserService.swift in Sources */ = {isa = PBXBuildFile; fileRef = F49EC6B9239F87A8001421B1 /* UserService.swift */; };
		F49EC6C5239F8960001421B1 /* DataModels.framework in Frameworks */ = {isa = PBXBuildFile; fileRef = F49EC6C4239F8960001421B1 /* DataModels.framework */; };
		F49EC6C6239F8960001421B1 /* DataModels.framework in Embed Frameworks */ = {isa = PBXBuildFile; fileRef = F49EC6C4239F8960001421B1 /* DataModels.framework */; settings = {ATTRIBUTES = (CodeSignOnCopy, RemoveHeadersOnCopy, ); }; };
		F49EC6C9239F900A001421B1 /* UserNetworkService.swift in Sources */ = {isa = PBXBuildFile; fileRef = F49EC6C8239F900A001421B1 /* UserNetworkService.swift */; };
		F49EC6CC239F901E001421B1 /* NetworkingA.framework in Frameworks */ = {isa = PBXBuildFile; fileRef = F49EC6CA239F901E001421B1 /* NetworkingA.framework */; };
		F49EC6CD239F901E001421B1 /* NetworkingA.framework in Embed Frameworks */ = {isa = PBXBuildFile; fileRef = F49EC6CA239F901E001421B1 /* NetworkingA.framework */; settings = {ATTRIBUTES = (CodeSignOnCopy, RemoveHeadersOnCopy, ); }; };
		F49EC6CE239F901E001421B1 /* NetworkingB.framework in Frameworks */ = {isa = PBXBuildFile; fileRef = F49EC6CB239F901E001421B1 /* NetworkingB.framework */; };
		F49EC6CF239F901E001421B1 /* NetworkingB.framework in Embed Frameworks */ = {isa = PBXBuildFile; fileRef = F49EC6CB239F901E001421B1 /* NetworkingB.framework */; settings = {ATTRIBUTES = (CodeSignOnCopy, RemoveHeadersOnCopy, ); }; };
		F49EC6D1239F903D001421B1 /* NetworkingA+UserNetworkService.swift in Sources */ = {isa = PBXBuildFile; fileRef = F49EC6D0239F903D001421B1 /* NetworkingA+UserNetworkService.swift */; };
		F49EC6D3239F907C001421B1 /* NetworkingB+UserNetworkService.swift in Sources */ = {isa = PBXBuildFile; fileRef = F49EC6D2239F907C001421B1 /* NetworkingB+UserNetworkService.swift */; };
/* End PBXBuildFile section */

/* Begin PBXCopyFilesBuildPhase section */
		F49EC6C7239F8960001421B1 /* Embed Frameworks */ = {
			isa = PBXCopyFilesBuildPhase;
			buildActionMask = 2147483647;
			dstPath = "";
			dstSubfolderSpec = 10;
			files = (
				F49EC6C6239F8960001421B1 /* DataModels.framework in Embed Frameworks */,
				F49EC6CF239F901E001421B1 /* NetworkingB.framework in Embed Frameworks */,
				F49EC6CD239F901E001421B1 /* NetworkingA.framework in Embed Frameworks */,
			);
			name = "Embed Frameworks";
			runOnlyForDeploymentPostprocessing = 0;
		};
/* End PBXCopyFilesBuildPhase section */

/* Begin PBXFileReference section */
		F49EC6AC239F8691001421B1 /* Services.framework */ = {isa = PBXFileReference; explicitFileType = wrapper.framework; includeInIndex = 0; path = Services.framework; sourceTree = BUILT_PRODUCTS_DIR; };
		F49EC6B0239F8691001421B1 /* Info.plist */ = {isa = PBXFileReference; lastKnownFileType = text.plist.xml; path = Info.plist; sourceTree = "<group>"; };
		F49EC6B9239F87A8001421B1 /* UserService.swift */ = {isa = PBXFileReference; lastKnownFileType = sourcecode.swift; path = UserService.swift; sourceTree = "<group>"; };
		F49EC6C4239F8960001421B1 /* DataModels.framework */ = {isa = PBXFileReference; explicitFileType = wrapper.framework; path = DataModels.framework; sourceTree = BUILT_PRODUCTS_DIR; };
		F49EC6C8239F900A001421B1 /* UserNetworkService.swift */ = {isa = PBXFileReference; lastKnownFileType = sourcecode.swift; path = UserNetworkService.swift; sourceTree = "<group>"; };
		F49EC6CA239F901E001421B1 /* NetworkingA.framework */ = {isa = PBXFileReference; explicitFileType = wrapper.framework; path = NetworkingA.framework; sourceTree = BUILT_PRODUCTS_DIR; };
		F49EC6CB239F901E001421B1 /* NetworkingB.framework */ = {isa = PBXFileReference; explicitFileType = wrapper.framework; path = NetworkingB.framework; sourceTree = BUILT_PRODUCTS_DIR; };
		F49EC6D0239F903D001421B1 /* NetworkingA+UserNetworkService.swift */ = {isa = PBXFileReference; lastKnownFileType = sourcecode.swift; path = "NetworkingA+UserNetworkService.swift"; sourceTree = "<group>"; };
		F49EC6D2239F907C001421B1 /* NetworkingB+UserNetworkService.swift */ = {isa = PBXFileReference; lastKnownFileType = sourcecode.swift; path = "NetworkingB+UserNetworkService.swift"; sourceTree = "<group>"; };
/* End PBXFileReference section */

/* Begin PBXFrameworksBuildPhase section */
		F49EC6A9239F8691001421B1 /* Frameworks */ = {
			isa = PBXFrameworksBuildPhase;
			buildActionMask = 2147483647;
			files = (
				F49EC6C5239F8960001421B1 /* DataModels.framework in Frameworks */,
				F49EC6CE239F901E001421B1 /* NetworkingB.framework in Frameworks */,
				F49EC6CC239F901E001421B1 /* NetworkingA.framework in Frameworks */,
			);
			runOnlyForDeploymentPostprocessing = 0;
		};
/* End PBXFrameworksBuildPhase section */

/* Begin PBXGroup section */
		F49EC6A2239F8691001421B1 = {
			isa = PBXGroup;
			children = (
				F49EC6AE239F8691001421B1 /* Services */,
				F49EC6AD239F8691001421B1 /* Products */,
				F49EC6C3239F8960001421B1 /* Frameworks */,
			);
			sourceTree = "<group>";
		};
		F49EC6AD239F8691001421B1 /* Products */ = {
			isa = PBXGroup;
			children = (
				F49EC6AC239F8691001421B1 /* Services.framework */,
			);
			name = Products;
			sourceTree = "<group>";
		};
		F49EC6AE239F8691001421B1 /* Services */ = {
			isa = PBXGroup;
			children = (
				F49EC6B0239F8691001421B1 /* Info.plist */,
				F49EC6B9239F87A8001421B1 /* UserService.swift */,
				F4BE2507239FE767000928F3 /* Dependencies */,
			);
			path = Services;
			sourceTree = "<group>";
		};
		F49EC6C3239F8960001421B1 /* Frameworks */ = {
			isa = PBXGroup;
			children = (
				F49EC6CA239F901E001421B1 /* NetworkingA.framework */,
				F49EC6CB239F901E001421B1 /* NetworkingB.framework */,
				F49EC6C4239F8960001421B1 /* DataModels.framework */,
			);
			name = Frameworks;
			sourceTree = "<group>";
		};
		F4BE2507239FE767000928F3 /* Dependencies */ = {
			isa = PBXGroup;
			children = (
				F49EC6C8239F900A001421B1 /* UserNetworkService.swift */,
				F49EC6D0239F903D001421B1 /* NetworkingA+UserNetworkService.swift */,
				F49EC6D2239F907C001421B1 /* NetworkingB+UserNetworkService.swift */,
			);
			path = Dependencies;
			sourceTree = "<group>";
		};
/* End PBXGroup section */

/* Begin PBXHeadersBuildPhase section */
		F49EC6A7239F8691001421B1 /* Headers */ = {
			isa = PBXHeadersBuildPhase;
			buildActionMask = 2147483647;
			files = (
			);
			runOnlyForDeploymentPostprocessing = 0;
		};
/* End PBXHeadersBuildPhase section */

/* Begin PBXNativeTarget section */
		F49EC6AB239F8691001421B1 /* Services */ = {
			isa = PBXNativeTarget;
			buildConfigurationList = F49EC6B4239F8691001421B1 /* Build configuration list for PBXNativeTarget "Services" */;
			buildPhases = (
				F49EC6A7239F8691001421B1 /* Headers */,
				F49EC6A8239F8691001421B1 /* Sources */,
				F49EC6A9239F8691001421B1 /* Frameworks */,
				F49EC6AA239F8691001421B1 /* Resources */,
				F49EC6C7239F8960001421B1 /* Embed Frameworks */,
			);
			buildRules = (
			);
			dependencies = (
			);
			name = Services;
			productName = Services;
			productReference = F49EC6AC239F8691001421B1 /* Services.framework */;
			productType = "com.apple.product-type.framework";
		};
/* End PBXNativeTarget section */

/* Begin PBXProject section */
		F49EC6A3239F8691001421B1 /* Project object */ = {
			isa = PBXProject;
			attributes = {
				LastUpgradeCheck = 1100;
				ORGANIZATIONNAME = "Dmytro Anokhin";
				TargetAttributes = {
					F49EC6AB239F8691001421B1 = {
						CreatedOnToolsVersion = 11.0;
						LastSwiftMigration = 1100;
					};
				};
			};
			buildConfigurationList = F49EC6A6239F8691001421B1 /* Build configuration list for PBXProject "Services" */;
			compatibilityVersion = "Xcode 9.3";
			developmentRegion = en;
			hasScannedForEncodings = 0;
			knownRegions = (
				en,
				Base,
			);
			mainGroup = F49EC6A2239F8691001421B1;
			productRefGroup = F49EC6AD239F8691001421B1 /* Products */;
			projectDirPath = "";
			projectRoot = "";
			targets = (
				F49EC6AB239F8691001421B1 /* Services */,
			);
		};
/* End PBXProject section */

/* Begin PBXResourcesBuildPhase section */
		F49EC6AA239F8691001421B1 /* Resources */ = {
			isa = PBXResourcesBuildPhase;
			buildActionMask = 2147483647;
			files = (
			);
			runOnlyForDeploymentPostprocessing = 0;
		};
/* End PBXResourcesBuildPhase section */

/* Begin PBXSourcesBuildPhase section */
		F49EC6A8239F8691001421B1 /* Sources */ = {
			isa = PBXSourcesBuildPhase;
			buildActionMask = 2147483647;
			files = (
				F49EC6BA239F87A8001421B1 /* UserService.swift in Sources */,
				F49EC6D3239F907C001421B1 /* NetworkingB+UserNetworkService.swift in Sources */,
				F49EC6D1239F903D001421B1 /* NetworkingA+UserNetworkService.swift in Sources */,
				F49EC6C9239F900A001421B1 /* UserNetworkService.swift in Sources */,
			);
			runOnlyForDeploymentPostprocessing = 0;
		};
/* End PBXSourcesBuildPhase section */

/* Begin XCBuildConfiguration section */
		F49EC6B2239F8691001421B1 /* Debug */ = {
			isa = XCBuildConfiguration;
			buildSettings = {
				ALWAYS_SEARCH_USER_PATHS = NO;
				CLANG_ANALYZER_NONNULL = YES;
				CLANG_ANALYZER_NUMBER_OBJECT_CONVERSION = YES_AGGRESSIVE;
				CLANG_CXX_LANGUAGE_STANDARD = "gnu++14";
				CLANG_CXX_LIBRARY = "libc++";
				CLANG_ENABLE_MODULES = YES;
				CLANG_ENABLE_OBJC_ARC = YES;
				CLANG_ENABLE_OBJC_WEAK = YES;
				CLANG_WARN_BLOCK_CAPTURE_AUTORELEASING = YES;
				CLANG_WARN_BOOL_CONVERSION = YES;
				CLANG_WARN_COMMA = YES;
				CLANG_WARN_CONSTANT_CONVERSION = YES;
				CLANG_WARN_DEPRECATED_OBJC_IMPLEMENTATIONS = YES;
				CLANG_WARN_DIRECT_OBJC_ISA_USAGE = YES_ERROR;
				CLANG_WARN_DOCUMENTATION_COMMENTS = YES;
				CLANG_WARN_EMPTY_BODY = YES;
				CLANG_WARN_ENUM_CONVERSION = YES;
				CLANG_WARN_INFINITE_RECURSION = YES;
				CLANG_WARN_INT_CONVERSION = YES;
				CLANG_WARN_NON_LITERAL_NULL_CONVERSION = YES;
				CLANG_WARN_OBJC_IMPLICIT_RETAIN_SELF = YES;
				CLANG_WARN_OBJC_LITERAL_CONVERSION = YES;
				CLANG_WARN_OBJC_ROOT_CLASS = YES_ERROR;
				CLANG_WARN_RANGE_LOOP_ANALYSIS = YES;
				CLANG_WARN_STRICT_PROTOTYPES = YES;
				CLANG_WARN_SUSPICIOUS_MOVE = YES;
				CLANG_WARN_UNGUARDED_AVAILABILITY = YES_AGGRESSIVE;
				CLANG_WARN_UNREACHABLE_CODE = YES;
				CLANG_WARN__DUPLICATE_METHOD_MATCH = YES;
				COPY_PHASE_STRIP = NO;
				CURRENT_PROJECT_VERSION = 1;
				DEBUG_INFORMATION_FORMAT = dwarf;
				ENABLE_STRICT_OBJC_MSGSEND = YES;
				ENABLE_TESTABILITY = YES;
				GCC_C_LANGUAGE_STANDARD = gnu11;
				GCC_DYNAMIC_NO_PIC = NO;
				GCC_NO_COMMON_BLOCKS = YES;
				GCC_OPTIMIZATION_LEVEL = 0;
				GCC_PREPROCESSOR_DEFINITIONS = (
					"DEBUG=1",
					"$(inherited)",
				);
				GCC_WARN_64_TO_32_BIT_CONVERSION = YES;
				GCC_WARN_ABOUT_RETURN_TYPE = YES_ERROR;
				GCC_WARN_UNDECLARED_SELECTOR = YES;
				GCC_WARN_UNINITIALIZED_AUTOS = YES_AGGRESSIVE;
				GCC_WARN_UNUSED_FUNCTION = YES;
				GCC_WARN_UNUSED_VARIABLE = YES;
				IPHONEOS_DEPLOYMENT_TARGET = 13.0;
				MTL_ENABLE_DEBUG_INFO = INCLUDE_SOURCE;
				MTL_FAST_MATH = YES;
				ONLY_ACTIVE_ARCH = YES;
				SDKROOT = iphoneos;
				SWIFT_ACTIVE_COMPILATION_CONDITIONS = DEBUG;
				SWIFT_OPTIMIZATION_LEVEL = "-Onone";
				VERSIONING_SYSTEM = "apple-generic";
				VERSION_INFO_PREFIX = "";
			};
			name = Debug;
		};
		F49EC6B3239F8691001421B1 /* Release */ = {
			isa = XCBuildConfiguration;
			buildSettings = {
				ALWAYS_SEARCH_USER_PATHS = NO;
				CLANG_ANALYZER_NONNULL = YES;
				CLANG_ANALYZER_NUMBER_OBJECT_CONVERSION = YES_AGGRESSIVE;
				CLANG_CXX_LANGUAGE_STANDARD = "gnu++14";
				CLANG_CXX_LIBRARY = "libc++";
				CLANG_ENABLE_MODULES = YES;
				CLANG_ENABLE_OBJC_ARC = YES;
				CLANG_ENABLE_OBJC_WEAK = YES;
				CLANG_WARN_BLOCK_CAPTURE_AUTORELEASING = YES;
				CLANG_WARN_BOOL_CONVERSION = YES;
				CLANG_WARN_COMMA = YES;
				CLANG_WARN_CONSTANT_CONVERSION = YES;
				CLANG_WARN_DEPRECATED_OBJC_IMPLEMENTATIONS = YES;
				CLANG_WARN_DIRECT_OBJC_ISA_USAGE = YES_ERROR;
				CLANG_WARN_DOCUMENTATION_COMMENTS = YES;
				CLANG_WARN_EMPTY_BODY = YES;
				CLANG_WARN_ENUM_CONVERSION = YES;
				CLANG_WARN_INFINITE_RECURSION = YES;
				CLANG_WARN_INT_CONVERSION = YES;
				CLANG_WARN_NON_LITERAL_NULL_CONVERSION = YES;
				CLANG_WARN_OBJC_IMPLICIT_RETAIN_SELF = YES;
				CLANG_WARN_OBJC_LITERAL_CONVERSION = YES;
				CLANG_WARN_OBJC_ROOT_CLASS = YES_ERROR;
				CLANG_WARN_RANGE_LOOP_ANALYSIS = YES;
				CLANG_WARN_STRICT_PROTOTYPES = YES;
				CLANG_WARN_SUSPICIOUS_MOVE = YES;
				CLANG_WARN_UNGUARDED_AVAILABILITY = YES_AGGRESSIVE;
				CLANG_WARN_UNREACHABLE_CODE = YES;
				CLANG_WARN__DUPLICATE_METHOD_MATCH = YES;
				COPY_PHASE_STRIP = NO;
				CURRENT_PROJECT_VERSION = 1;
				DEBUG_INFORMATION_FORMAT = "dwarf-with-dsym";
				ENABLE_NS_ASSERTIONS = NO;
				ENABLE_STRICT_OBJC_MSGSEND = YES;
				GCC_C_LANGUAGE_STANDARD = gnu11;
				GCC_NO_COMMON_BLOCKS = YES;
				GCC_WARN_64_TO_32_BIT_CONVERSION = YES;
				GCC_WARN_ABOUT_RETURN_TYPE = YES_ERROR;
				GCC_WARN_UNDECLARED_SELECTOR = YES;
				GCC_WARN_UNINITIALIZED_AUTOS = YES_AGGRESSIVE;
				GCC_WARN_UNUSED_FUNCTION = YES;
				GCC_WARN_UNUSED_VARIABLE = YES;
				IPHONEOS_DEPLOYMENT_TARGET = 13.0;
				MTL_ENABLE_DEBUG_INFO = NO;
				MTL_FAST_MATH = YES;
				SDKROOT = iphoneos;
				SWIFT_COMPILATION_MODE = wholemodule;
				SWIFT_OPTIMIZATION_LEVEL = "-O";
				VALIDATE_PRODUCT = YES;
				VERSIONING_SYSTEM = "apple-generic";
				VERSION_INFO_PREFIX = "";
			};
			name = Release;
		};
		F49EC6B5239F8691001421B1 /* Debug */ = {
			isa = XCBuildConfiguration;
			buildSettings = {
				CLANG_ENABLE_MODULES = YES;
				CODE_SIGN_STYLE = Automatic;
				DEFINES_MODULE = YES;
				DEVELOPMENT_TEAM = 8U3997U6YH;
				DYLIB_COMPATIBILITY_VERSION = 1;
				DYLIB_CURRENT_VERSION = 1;
				DYLIB_INSTALL_NAME_BASE = "@rpath";
				INFOPLIST_FILE = Services/Info.plist;
				INSTALL_PATH = "$(LOCAL_LIBRARY_DIR)/Frameworks";
				LD_RUNPATH_SEARCH_PATHS = (
					"$(inherited)",
					"@executable_path/Frameworks",
					"@loader_path/Frameworks",
				);
				PRODUCT_BUNDLE_IDENTIFIER = org.danokhin.Services;
				PRODUCT_NAME = "$(TARGET_NAME:c99extidentifier)";
				SKIP_INSTALL = YES;
				SWIFT_OPTIMIZATION_LEVEL = "-Onone";
				SWIFT_VERSION = 5.0;
				TARGETED_DEVICE_FAMILY = "1,2";
			};
			name = Debug;
		};
		F49EC6B6239F8691001421B1 /* Release */ = {
			isa = XCBuildConfiguration;
			buildSettings = {
				CLANG_ENABLE_MODULES = YES;
				CODE_SIGN_STYLE = Automatic;
				DEFINES_MODULE = YES;
				DEVELOPMENT_TEAM = 8U3997U6YH;
				DYLIB_COMPATIBILITY_VERSION = 1;
				DYLIB_CURRENT_VERSION = 1;
				DYLIB_INSTALL_NAME_BASE = "@rpath";
				INFOPLIST_FILE = Services/Info.plist;
				INSTALL_PATH = "$(LOCAL_LIBRARY_DIR)/Frameworks";
				LD_RUNPATH_SEARCH_PATHS = (
					"$(inherited)",
					"@executable_path/Frameworks",
					"@loader_path/Frameworks",
				);
				PRODUCT_BUNDLE_IDENTIFIER = org.danokhin.Services;
				PRODUCT_NAME = "$(TARGET_NAME:c99extidentifier)";
				SKIP_INSTALL = YES;
				SWIFT_VERSION = 5.0;
				TARGETED_DEVICE_FAMILY = "1,2";
			};
			name = Release;
		};
/* End XCBuildConfiguration section */

/* Begin XCConfigurationList section */
		F49EC6A6239F8691001421B1 /* Build configuration list for PBXProject "Services" */ = {
			isa = XCConfigurationList;
			buildConfigurations = (
				F49EC6B2239F8691001421B1 /* Debug */,
				F49EC6B3239F8691001421B1 /* Release */,
			);
			defaultConfigurationIsVisible = 0;
			defaultConfigurationName = Release;
		};
		F49EC6B4239F8691001421B1 /* Build configuration list for PBXNativeTarget "Services" */ = {
			isa = XCConfigurationList;
			buildConfigurations = (
				F49EC6B5239F8691001421B1 /* Debug */,
				F49EC6B6239F8691001421B1 /* Release */,
			);
			defaultConfigurationIsVisible = 0;
			defaultConfigurationName = Release;
		};
/* End XCConfigurationList section */
	};
	rootObject = F49EC6A3239F8691001421B1 /* Project object */;
}
